
Microsoft Visual Studio Solution File, Format Version 12.00
# Visual Studio Version 17
VisualStudioVersion = 17.9.34714.143
MinimumVisualStudioVersion = 10.0.40219.1
Project("{FAE04EC0-301F-11D3-BF4B-00C04F79EFBC}") = "BMI Rechner", "BMI Rechner\BMI Rechner.csproj", "{5BC7DB37-30FC-4268-BB88-B612676F03EE}"
EndProject
Global
	GlobalSection(SolutionConfigurationPlatforms) = preSolution
		Debug|Any CPU = Debug|Any CPU
		Release|Any CPU = Release|Any CPU
	EndGlobalSection
	GlobalSection(ProjectConfigurationPlatforms) = postSolution
		{5BC7DB37-30FC-4268-BB88-B612676F03EE}.Debug|Any CPU.ActiveCfg = Debug|Any CPU
		{5BC7DB37-30FC-4268-BB88-B612676F03EE}.Debug|Any CPU.Build.0 = Debug|Any CPU
		{5BC7DB37-30FC-4268-BB88-B612676F03EE}.Release|Any CPU.ActiveCfg = Release|Any CPU
		{5BC7DB37-30FC-4268-BB88-B612676F03EE}.Release|Any CPU.Build.0 = Release|Any CPU
	EndGlobalSection
	GlobalSection(SolutionProperties) = preSolution
		HideSolutionNode = FALSE
	EndGlobalSection
	GlobalSection(ExtensibilityGlobals) = postSolution
		SolutionGuid = {59EB258F-6206-4F54-9E5D-E1B906846175}
	EndGlobalSection
EndGlobal
